
Microsoft Visual Studio Solution File, Format Version 12.00
# Visual Studio 2013
VisualStudioVersion = 12.0.21005.1
MinimumVisualStudioVersion = 10.0.40219.1
Project("{FAE04EC0-301F-11D3-BF4B-00C04F79EFBC}") = "VATClient", "VATClient\VATClient.csproj", "{783CF358-D5AE-437C-853D-3F0C488731C7}"
EndProject
Project("{FAE04EC0-301F-11D3-BF4B-00C04F79EFBC}") = "VATServer.Library", "VATLibrary\VATServer.Library\VATServer.Library.csproj", "{C01637E0-783E-4B1B-9701-45D1700ED399}"
EndProject
Project("{FAE04EC0-301F-11D3-BF4B-00C04F79EFBC}") = "VATViewModel", "VATViewModel\VATViewModel.csproj", "{59C2521F-549A-4906-A3E4-ADDB9BE584BA}"
EndProject
Project("{FAE04EC0-301F-11D3-BF4B-00C04F79EFBC}") = "SymphonySofttech.Reports", "SymphonySofttech.Reports\SymphonySofttech.Reports.csproj", "{4C0E2235-EC7B-4A73-9CD8-522367460923}"
EndProject
Project("{2150E333-8FDC-42A3-9474-1A3956D46DE8}") = ".nuget", ".nuget", "{3464197E-5F64-4BBB-B5CB-3494B98940AB}"
	ProjectSection(SolutionItems) = preProject
		.nuget\NuGet.Config = .nuget\NuGet.Config
		.nuget\NuGet.exe = .nuget\NuGet.exe
		.nuget\NuGet.pdb = .nuget\NuGet.pdb
		.nuget\NuGet.targets = .nuget\NuGet.targets
	EndProjectSection
EndProject
Project("{FAE04EC0-301F-11D3-BF4B-00C04F79EFBC}") = "VATServer.License", "VATServer.License\VATServer.License.csproj", "{B407547C-161F-4EBA-B643-625FA2BBE5A1}"
EndProject
Project("{FAE04EC0-301F-11D3-BF4B-00C04F79EFBC}") = "VATServer.Ordinary", "VATServer.Ordinary\VATServer.Ordinary.csproj", "{5A796EB3-BD98-4D23-8D78-ACEB4969C2E9}"
EndProject
Project("{FAE04EC0-301F-11D3-BF4B-00C04F79EFBC}") = "VMSAPI", "VMSAPI\VMSAPI.csproj", "{3CAC1A5E-316A-4674-9427-94492EFB5491}"
EndProject
Project("{FAE04EC0-301F-11D3-BF4B-00C04F79EFBC}") = "VATDesktop.Repo", "VATDesktop.Repo\VATDesktop.Repo.csproj", "{08C3C12B-BC99-463C-B460-10EE04FE91F8}"
EndProject
Project("{FAE04EC0-301F-11D3-BF4B-00C04F79EFBC}") = "VATServer.Interface", "VATServer.Interface\VATServer.Interface.csproj", "{31A02E04-EA0B-4AA6-BAC1-9EFCD3F9259F}"
EndProject
Project("{FAE04EC0-301F-11D3-BF4B-00C04F79EFBC}") = "VATApiRepo", "VATApiRepo\VATApiRepo.csproj", "{F5B14266-3167-48F6-A0AE-B9070A81957F}"
EndProject
Global
	GlobalSection(SolutionConfigurationPlatforms) = preSolution
		Alpha|Any CPU = Alpha|Any CPU
		Alpha|Mixed Platforms = Alpha|Mixed Platforms
		Alpha|x86 = Alpha|x86
		Beta|Any CPU = Beta|Any CPU
		Beta|Mixed Platforms = Beta|Mixed Platforms
		Beta|x86 = Beta|x86
		BureauDebug|Any CPU = BureauDebug|Any CPU
		BureauDebug|Mixed Platforms = BureauDebug|Mixed Platforms
		BureauDebug|x86 = BureauDebug|x86
		Debug|Any CPU = Debug|Any CPU
		Debug|Mixed Platforms = Debug|Mixed Platforms
		Debug|x86 = Debug|x86
		DebugUnregisterVersion|Any CPU = DebugUnregisterVersion|Any CPU
		DebugUnregisterVersion|Mixed Platforms = DebugUnregisterVersion|Mixed Platforms
		DebugUnregisterVersion|x86 = DebugUnregisterVersion|x86
		Release|Any CPU = Release|Any CPU
		Release|Mixed Platforms = Release|Mixed Platforms
		Release|x86 = Release|x86
		UnregisterVersion|Any CPU = UnregisterVersion|Any CPU
		UnregisterVersion|Mixed Platforms = UnregisterVersion|Mixed Platforms
		UnregisterVersion|x86 = UnregisterVersion|x86
	EndGlobalSection
	GlobalSection(ProjectConfigurationPlatforms) = postSolution
		{783CF358-D5AE-437C-853D-3F0C488731C7}.Alpha|Any CPU.ActiveCfg = Alpha|x86
		{783CF358-D5AE-437C-853D-3F0C488731C7}.Alpha|Mixed Platforms.ActiveCfg = Alpha|x86
		{783CF358-D5AE-437C-853D-3F0C488731C7}.Alpha|Mixed Platforms.Build.0 = Alpha|x86
		{783CF358-D5AE-437C-853D-3F0C488731C7}.Alpha|x86.ActiveCfg = Alpha|x86
		{783CF358-D5AE-437C-853D-3F0C488731C7}.Alpha|x86.Build.0 = Alpha|x86
		{783CF358-D5AE-437C-853D-3F0C488731C7}.Beta|Any CPU.ActiveCfg = Beta|x86
		{783CF358-D5AE-437C-853D-3F0C488731C7}.Beta|Mixed Platforms.ActiveCfg = Beta|x86
		{783CF358-D5AE-437C-853D-3F0C488731C7}.Beta|Mixed Platforms.Build.0 = Beta|x86
		{783CF358-D5AE-437C-853D-3F0C488731C7}.Beta|x86.ActiveCfg = Beta|x86
		{783CF358-D5AE-437C-853D-3F0C488731C7}.Beta|x86.Build.0 = Beta|x86
		{783CF358-D5AE-437C-853D-3F0C488731C7}.BureauDebug|Any CPU.ActiveCfg = BureauDebug|x86
		{783CF358-D5AE-437C-853D-3F0C488731C7}.BureauDebug|Mixed Platforms.ActiveCfg = BureauDebug|x86
		{783CF358-D5AE-437C-853D-3F0C488731C7}.BureauDebug|Mixed Platforms.Build.0 = BureauDebug|x86
		{783CF358-D5AE-437C-853D-3F0C488731C7}.BureauDebug|x86.ActiveCfg = BureauDebug|x86
		{783CF358-D5AE-437C-853D-3F0C488731C7}.BureauDebug|x86.Build.0 = BureauDebug|x86
		{783CF358-D5AE-437C-853D-3F0C488731C7}.Debug|Any CPU.ActiveCfg = Debug|x86
		{783CF358-D5AE-437C-853D-3F0C488731C7}.Debug|Mixed Platforms.ActiveCfg = Debug|x86
		{783CF358-D5AE-437C-853D-3F0C488731C7}.Debug|Mixed Platforms.Build.0 = Debug|x86
		{783CF358-D5AE-437C-853D-3F0C488731C7}.Debug|x86.ActiveCfg = Debug|x86
		{783CF358-D5AE-437C-853D-3F0C488731C7}.Debug|x86.Build.0 = Debug|x86
		{783CF358-D5AE-437C-853D-3F0C488731C7}.DebugUnregisterVersion|Any CPU.ActiveCfg = DebugUnregisterVersion|x86
		{783CF358-D5AE-437C-853D-3F0C488731C7}.DebugUnregisterVersion|Mixed Platforms.ActiveCfg = DebugUnregisterVersion|x86
		{783CF358-D5AE-437C-853D-3F0C488731C7}.DebugUnregisterVersion|Mixed Platforms.Build.0 = DebugUnregisterVersion|x86
		{783CF358-D5AE-437C-853D-3F0C488731C7}.DebugUnregisterVersion|x86.ActiveCfg = DebugUnregisterVersion|x86
		{783CF358-D5AE-437C-853D-3F0C488731C7}.DebugUnregisterVersion|x86.Build.0 = DebugUnregisterVersion|x86
		{783CF358-D5AE-437C-853D-3F0C488731C7}.Release|Any CPU.ActiveCfg = Release|x86
		{783CF358-D5AE-437C-853D-3F0C488731C7}.Release|Mixed Platforms.ActiveCfg = Release|x86
		{783CF358-D5AE-437C-853D-3F0C488731C7}.Release|Mixed Platforms.Build.0 = Release|x86
		{783CF358-D5AE-437C-853D-3F0C488731C7}.Release|x86.ActiveCfg = Release|x86
		{783CF358-D5AE-437C-853D-3F0C488731C7}.Release|x86.Build.0 = Release|x86
		{783CF358-D5AE-437C-853D-3F0C488731C7}.UnregisterVersion|Any CPU.ActiveCfg = UnregisterVersion|x86
		{783CF358-D5AE-437C-853D-3F0C488731C7}.UnregisterVersion|Mixed Platforms.ActiveCfg = UnregisterVersion|x86
		{783CF358-D5AE-437C-853D-3F0C488731C7}.UnregisterVersion|Mixed Platforms.Build.0 = UnregisterVersion|x86
		{783CF358-D5AE-437C-853D-3F0C488731C7}.UnregisterVersion|x86.ActiveCfg = UnregisterVersion|x86
		{783CF358-D5AE-437C-853D-3F0C488731C7}.UnregisterVersion|x86.Build.0 = UnregisterVersion|x86
		{C01637E0-783E-4B1B-9701-45D1700ED399}.Alpha|Any CPU.ActiveCfg = Alpha|Any CPU
		{C01637E0-783E-4B1B-9701-45D1700ED399}.Alpha|Any CPU.Build.0 = Alpha|Any CPU
		{C01637E0-783E-4B1B-9701-45D1700ED399}.Alpha|Mixed Platforms.ActiveCfg = Alpha|Any CPU
		{C01637E0-783E-4B1B-9701-45D1700ED399}.Alpha|Mixed Platforms.Build.0 = Alpha|Any CPU
		{C01637E0-783E-4B1B-9701-45D1700ED399}.Alpha|x86.ActiveCfg = Alpha|Any CPU
		{C01637E0-783E-4B1B-9701-45D1700ED399}.Beta|Any CPU.ActiveCfg = Beta|Any CPU
		{C01637E0-783E-4B1B-9701-45D1700ED399}.Beta|Any CPU.Build.0 = Beta|Any CPU
		{C01637E0-783E-4B1B-9701-45D1700ED399}.Beta|Mixed Platforms.ActiveCfg = Beta|Any CPU
		{C01637E0-783E-4B1B-9701-45D1700ED399}.Beta|Mixed Platforms.Build.0 = Beta|Any CPU
		{C01637E0-783E-4B1B-9701-45D1700ED399}.Beta|x86.ActiveCfg = Beta|Any CPU
		{C01637E0-783E-4B1B-9701-45D1700ED399}.BureauDebug|Any CPU.ActiveCfg = BureauDebug|Any CPU
		{C01637E0-783E-4B1B-9701-45D1700ED399}.BureauDebug|Any CPU.Build.0 = BureauDebug|Any CPU
		{C01637E0-783E-4B1B-9701-45D1700ED399}.BureauDebug|Mixed Platforms.ActiveCfg = BureauDebug|Any CPU
		{C01637E0-783E-4B1B-9701-45D1700ED399}.BureauDebug|Mixed Platforms.Build.0 = BureauDebug|Any CPU
		{C01637E0-783E-4B1B-9701-45D1700ED399}.BureauDebug|x86.ActiveCfg = BureauDebug|Any CPU
		{C01637E0-783E-4B1B-9701-45D1700ED399}.Debug|Any CPU.ActiveCfg = Debug|Any CPU
		{C01637E0-783E-4B1B-9701-45D1700ED399}.Debug|Any CPU.Build.0 = Debug|Any CPU
		{C01637E0-783E-4B1B-9701-45D1700ED399}.Debug|Mixed Platforms.ActiveCfg = Debug|Any CPU
		{C01637E0-783E-4B1B-9701-45D1700ED399}.Debug|Mixed Platforms.Build.0 = Debug|Any CPU
		{C01637E0-783E-4B1B-9701-45D1700ED399}.Debug|x86.ActiveCfg = Debug|Any CPU
		{C01637E0-783E-4B1B-9701-45D1700ED399}.DebugUnregisterVersion|Any CPU.ActiveCfg = DebugUnregisterVersion|Any CPU
		{C01637E0-783E-4B1B-9701-45D1700ED399}.DebugUnregisterVersion|Any CPU.Build.0 = DebugUnregisterVersion|Any CPU
		{C01637E0-783E-4B1B-9701-45D1700ED399}.DebugUnregisterVersion|Mixed Platforms.ActiveCfg = DebugUnregisterVersion|Any CPU
		{C01637E0-783E-4B1B-9701-45D1700ED399}.DebugUnregisterVersion|Mixed Platforms.Build.0 = DebugUnregisterVersion|Any CPU
		{C01637E0-783E-4B1B-9701-45D1700ED399}.DebugUnregisterVersion|x86.ActiveCfg = DebugUnregisterVersion|Any CPU
		{C01637E0-783E-4B1B-9701-45D1700ED399}.Release|Any CPU.ActiveCfg = Release|Any CPU
		{C01637E0-783E-4B1B-9701-45D1700ED399}.Release|Any CPU.Build.0 = Release|Any CPU
		{C01637E0-783E-4B1B-9701-45D1700ED399}.Release|Mixed Platforms.ActiveCfg = Release|Any CPU
		{C01637E0-783E-4B1B-9701-45D1700ED399}.Release|Mixed Platforms.Build.0 = Release|Any CPU
		{C01637E0-783E-4B1B-9701-45D1700ED399}.Release|x86.ActiveCfg = Release|Any CPU
		{C01637E0-783E-4B1B-9701-45D1700ED399}.UnregisterVersion|Any CPU.ActiveCfg = UnregisterVersion|Any CPU
		{C01637E0-783E-4B1B-9701-45D1700ED399}.UnregisterVersion|Any CPU.Build.0 = UnregisterVersion|Any CPU
		{C01637E0-783E-4B1B-9701-45D1700ED399}.UnregisterVersion|Mixed Platforms.ActiveCfg = UnregisterVersion|Any CPU
		{C01637E0-783E-4B1B-9701-45D1700ED399}.UnregisterVersion|Mixed Platforms.Build.0 = UnregisterVersion|Any CPU
		{C01637E0-783E-4B1B-9701-45D1700ED399}.UnregisterVersion|x86.ActiveCfg = UnregisterVersion|Any CPU
		{59C2521F-549A-4906-A3E4-ADDB9BE584BA}.Alpha|Any CPU.ActiveCfg = Alpha|Any CPU
		{59C2521F-549A-4906-A3E4-ADDB9BE584BA}.Alpha|Any CPU.Build.0 = Alpha|Any CPU
		{59C2521F-549A-4906-A3E4-ADDB9BE584BA}.Alpha|Mixed Platforms.ActiveCfg = Alpha|Any CPU
		{59C2521F-549A-4906-A3E4-ADDB9BE584BA}.Alpha|Mixed Platforms.Build.0 = Alpha|Any CPU
		{59C2521F-549A-4906-A3E4-ADDB9BE584BA}.Alpha|x86.ActiveCfg = Alpha|Any CPU
		{59C2521F-549A-4906-A3E4-ADDB9BE584BA}.Beta|Any CPU.ActiveCfg = Beta|Any CPU
		{59C2521F-549A-4906-A3E4-ADDB9BE584BA}.Beta|Any CPU.Build.0 = Beta|Any CPU
		{59C2521F-549A-4906-A3E4-ADDB9BE584BA}.Beta|Mixed Platforms.ActiveCfg = Beta|Any CPU
		{59C2521F-549A-4906-A3E4-ADDB9BE584BA}.Beta|Mixed Platforms.Build.0 = Beta|Any CPU
		{59C2521F-549A-4906-A3E4-ADDB9BE584BA}.Beta|x86.ActiveCfg = Beta|Any CPU
		{59C2521F-549A-4906-A3E4-ADDB9BE584BA}.BureauDebug|Any CPU.ActiveCfg = BureauDebug|Any CPU
		{59C2521F-549A-4906-A3E4-ADDB9BE584BA}.BureauDebug|Any CPU.Build.0 = BureauDebug|Any CPU
		{59C2521F-549A-4906-A3E4-ADDB9BE584BA}.BureauDebug|Mixed Platforms.ActiveCfg = BureauDebug|Any CPU
		{59C2521F-549A-4906-A3E4-ADDB9BE584BA}.BureauDebug|Mixed Platforms.Build.0 = BureauDebug|Any CPU
		{59C2521F-549A-4906-A3E4-ADDB9BE584BA}.BureauDebug|x86.ActiveCfg = BureauDebug|Any CPU
		{59C2521F-549A-4906-A3E4-ADDB9BE584BA}.Debug|Any CPU.ActiveCfg = Debug|Any CPU
		{59C2521F-549A-4906-A3E4-ADDB9BE584BA}.Debug|Any CPU.Build.0 = Debug|Any CPU
		{59C2521F-549A-4906-A3E4-ADDB9BE584BA}.Debug|Mixed Platforms.ActiveCfg = Debug|Any CPU
		{59C2521F-549A-4906-A3E4-ADDB9BE584BA}.Debug|Mixed Platforms.Build.0 = Debug|Any CPU
		{59C2521F-549A-4906-A3E4-ADDB9BE584BA}.Debug|x86.ActiveCfg = Debug|Any CPU
		{59C2521F-549A-4906-A3E4-ADDB9BE584BA}.DebugUnregisterVersion|Any CPU.ActiveCfg = DebugUnregisterVersion|Any CPU
		{59C2521F-549A-4906-A3E4-ADDB9BE584BA}.DebugUnregisterVersion|Any CPU.Build.0 = DebugUnregisterVersion|Any CPU
		{59C2521F-549A-4906-A3E4-ADDB9BE584BA}.DebugUnregisterVersion|Mixed Platforms.ActiveCfg = DebugUnregisterVersion|Any CPU
		{59C2521F-549A-4906-A3E4-ADDB9BE584BA}.DebugUnregisterVersion|Mixed Platforms.Build.0 = DebugUnregisterVersion|Any CPU
		{59C2521F-549A-4906-A3E4-ADDB9BE584BA}.DebugUnregisterVersion|x86.ActiveCfg = DebugUnregisterVersion|Any CPU
		{59C2521F-549A-4906-A3E4-ADDB9BE584BA}.Release|Any CPU.ActiveCfg = Release|Any CPU
		{59C2521F-549A-4906-A3E4-ADDB9BE584BA}.Release|Any CPU.Build.0 = Release|Any CPU
		{59C2521F-549A-4906-A3E4-ADDB9BE584BA}.Release|Mixed Platforms.ActiveCfg = Release|Any CPU
		{59C2521F-549A-4906-A3E4-ADDB9BE584BA}.Release|Mixed Platforms.Build.0 = Release|Any CPU
		{59C2521F-549A-4906-A3E4-ADDB9BE584BA}.Release|x86.ActiveCfg = Release|Any CPU
		{59C2521F-549A-4906-A3E4-ADDB9BE584BA}.UnregisterVersion|Any CPU.ActiveCfg = UnregisterVersion|Any CPU
		{59C2521F-549A-4906-A3E4-ADDB9BE584BA}.UnregisterVersion|Any CPU.Build.0 = UnregisterVersion|Any CPU
		{59C2521F-549A-4906-A3E4-ADDB9BE584BA}.UnregisterVersion|Mixed Platforms.ActiveCfg = UnregisterVersion|Any CPU
		{59C2521F-549A-4906-A3E4-ADDB9BE584BA}.UnregisterVersion|Mixed Platforms.Build.0 = UnregisterVersion|Any CPU
		{59C2521F-549A-4906-A3E4-ADDB9BE584BA}.UnregisterVersion|x86.ActiveCfg = UnregisterVersion|Any CPU
		{4C0E2235-EC7B-4A73-9CD8-522367460923}.Alpha|Any CPU.ActiveCfg = Alpha|x86
		{4C0E2235-EC7B-4A73-9CD8-522367460923}.Alpha|Mixed Platforms.ActiveCfg = Alpha|x86
		{4C0E2235-EC7B-4A73-9CD8-522367460923}.Alpha|Mixed Platforms.Build.0 = Alpha|x86
		{4C0E2235-EC7B-4A73-9CD8-522367460923}.Alpha|x86.ActiveCfg = Alpha|x86
		{4C0E2235-EC7B-4A73-9CD8-522367460923}.Alpha|x86.Build.0 = Alpha|x86
		{4C0E2235-EC7B-4A73-9CD8-522367460923}.Beta|Any CPU.ActiveCfg = Beta|x86
		{4C0E2235-EC7B-4A73-9CD8-522367460923}.Beta|Mixed Platforms.ActiveCfg = Beta|x86
		{4C0E2235-EC7B-4A73-9CD8-522367460923}.Beta|Mixed Platforms.Build.0 = Beta|x86
		{4C0E2235-EC7B-4A73-9CD8-522367460923}.Beta|x86.ActiveCfg = Beta|x86
		{4C0E2235-EC7B-4A73-9CD8-522367460923}.Beta|x86.Build.0 = Beta|x86
		{4C0E2235-EC7B-4A73-9CD8-522367460923}.BureauDebug|Any CPU.ActiveCfg = BureauDebug|x86
		{4C0E2235-EC7B-4A73-9CD8-522367460923}.BureauDebug|Mixed Platforms.ActiveCfg = BureauDebug|x86
		{4C0E2235-EC7B-4A73-9CD8-522367460923}.BureauDebug|Mixed Platforms.Build.0 = BureauDebug|x86
		{4C0E2235-EC7B-4A73-9CD8-522367460923}.BureauDebug|x86.ActiveCfg = BureauDebug|x86
		{4C0E2235-EC7B-4A73-9CD8-522367460923}.BureauDebug|x86.Build.0 = BureauDebug|x86
		{4C0E2235-EC7B-4A73-9CD8-522367460923}.Debug|Any CPU.ActiveCfg = Debug|x86
		{4C0E2235-EC7B-4A73-9CD8-522367460923}.Debug|Mixed Platforms.ActiveCfg = Debug|x86
		{4C0E2235-EC7B-4A73-9CD8-522367460923}.Debug|Mixed Platforms.Build.0 = Debug|x86
		{4C0E2235-EC7B-4A73-9CD8-522367460923}.Debug|x86.ActiveCfg = Debug|x86
		{4C0E2235-EC7B-4A73-9CD8-522367460923}.Debug|x86.Build.0 = Debug|x86
		{4C0E2235-EC7B-4A73-9CD8-522367460923}.DebugUnregisterVersion|Any CPU.ActiveCfg = DebugUnregisterVersion|x86
		{4C0E2235-EC7B-4A73-9CD8-522367460923}.DebugUnregisterVersion|Mixed Platforms.ActiveCfg = DebugUnregisterVersion|x86
		{4C0E2235-EC7B-4A73-9CD8-522367460923}.DebugUnregisterVersion|Mixed Platforms.Build.0 = DebugUnregisterVersion|x86
		{4C0E2235-EC7B-4A73-9CD8-522367460923}.DebugUnregisterVersion|x86.ActiveCfg = DebugUnregisterVersion|x86
		{4C0E2235-EC7B-4A73-9CD8-522367460923}.DebugUnregisterVersion|x86.Build.0 = DebugUnregisterVersion|x86
		{4C0E2235-EC7B-4A73-9CD8-522367460923}.Release|Any CPU.ActiveCfg = Release|x86
		{4C0E2235-EC7B-4A73-9CD8-522367460923}.Release|Mixed Platforms.ActiveCfg = Release|x86
		{4C0E2235-EC7B-4A73-9CD8-522367460923}.Release|Mixed Platforms.Build.0 = Release|x86
		{4C0E2235-EC7B-4A73-9CD8-522367460923}.Release|x86.ActiveCfg = Release|x86
		{4C0E2235-EC7B-4A73-9CD8-522367460923}.Release|x86.Build.0 = Release|x86
		{4C0E2235-EC7B-4A73-9CD8-522367460923}.UnregisterVersion|Any CPU.ActiveCfg = UnregisterVersion|x86
		{4C0E2235-EC7B-4A73-9CD8-522367460923}.UnregisterVersion|Mixed Platforms.ActiveCfg = UnregisterVersion|x86
		{4C0E2235-EC7B-4A73-9CD8-522367460923}.UnregisterVersion|Mixed Platforms.Build.0 = UnregisterVersion|x86
		{4C0E2235-EC7B-4A73-9CD8-522367460923}.UnregisterVersion|x86.ActiveCfg = UnregisterVersion|x86
		{4C0E2235-EC7B-4A73-9CD8-522367460923}.UnregisterVersion|x86.Build.0 = UnregisterVersion|x86
		{B407547C-161F-4EBA-B643-625FA2BBE5A1}.Alpha|Any CPU.ActiveCfg = Release|Any CPU
		{B407547C-161F-4EBA-B643-625FA2BBE5A1}.Alpha|Any CPU.Build.0 = Release|Any CPU
		{B407547C-161F-4EBA-B643-625FA2BBE5A1}.Alpha|Mixed Platforms.ActiveCfg = Release|Any CPU
		{B407547C-161F-4EBA-B643-625FA2BBE5A1}.Alpha|Mixed Platforms.Build.0 = Release|Any CPU
		{B407547C-161F-4EBA-B643-625FA2BBE5A1}.Alpha|x86.ActiveCfg = Release|Any CPU
		{B407547C-161F-4EBA-B643-625FA2BBE5A1}.Beta|Any CPU.ActiveCfg = Release|Any CPU
		{B407547C-161F-4EBA-B643-625FA2BBE5A1}.Beta|Any CPU.Build.0 = Release|Any CPU
		{B407547C-161F-4EBA-B643-625FA2BBE5A1}.Beta|Mixed Platforms.ActiveCfg = Release|Any CPU
		{B407547C-161F-4EBA-B643-625FA2BBE5A1}.Beta|Mixed Platforms.Build.0 = Release|Any CPU
		{B407547C-161F-4EBA-B643-625FA2BBE5A1}.Beta|x86.ActiveCfg = Release|Any CPU
		{B407547C-161F-4EBA-B643-625FA2BBE5A1}.BureauDebug|Any CPU.ActiveCfg = Debug|Any CPU
		{B407547C-161F-4EBA-B643-625FA2BBE5A1}.BureauDebug|Any CPU.Build.0 = Debug|Any CPU
		{B407547C-161F-4EBA-B643-625FA2BBE5A1}.BureauDebug|Mixed Platforms.ActiveCfg = Debug|Any CPU
		{B407547C-161F-4EBA-B643-625FA2BBE5A1}.BureauDebug|Mixed Platforms.Build.0 = Debug|Any CPU
		{B407547C-161F-4EBA-B643-625FA2BBE5A1}.BureauDebug|x86.ActiveCfg = Debug|Any CPU
		{B407547C-161F-4EBA-B643-625FA2BBE5A1}.Debug|Any CPU.ActiveCfg = Debug|Any CPU
		{B407547C-161F-4EBA-B643-625FA2BBE5A1}.Debug|Any CPU.Build.0 = Debug|Any CPU
		{B407547C-161F-4EBA-B643-625FA2BBE5A1}.Debug|Mixed Platforms.ActiveCfg = Debug|Any CPU
		{B407547C-161F-4EBA-B643-625FA2BBE5A1}.Debug|Mixed Platforms.Build.0 = Debug|Any CPU
		{B407547C-161F-4EBA-B643-625FA2BBE5A1}.Debug|x86.ActiveCfg = Debug|Any CPU
		{B407547C-161F-4EBA-B643-625FA2BBE5A1}.DebugUnregisterVersion|Any CPU.ActiveCfg = Debug|Any CPU
		{B407547C-161F-4EBA-B643-625FA2BBE5A1}.DebugUnregisterVersion|Any CPU.Build.0 = Debug|Any CPU
		{B407547C-161F-4EBA-B643-625FA2BBE5A1}.DebugUnregisterVersion|Mixed Platforms.ActiveCfg = Debug|Any CPU
		{B407547C-161F-4EBA-B643-625FA2BBE5A1}.DebugUnregisterVersion|Mixed Platforms.Build.0 = Debug|Any CPU
		{B407547C-161F-4EBA-B643-625FA2BBE5A1}.DebugUnregisterVersion|x86.ActiveCfg = Debug|Any CPU
		{B407547C-161F-4EBA-B643-625FA2BBE5A1}.Release|Any CPU.ActiveCfg = Release|Any CPU
		{B407547C-161F-4EBA-B643-625FA2BBE5A1}.Release|Any CPU.Build.0 = Release|Any CPU
		{B407547C-161F-4EBA-B643-625FA2BBE5A1}.Release|Mixed Platforms.ActiveCfg = Release|Any CPU
		{B407547C-161F-4EBA-B643-625FA2BBE5A1}.Release|Mixed Platforms.Build.0 = Release|Any CPU
		{B407547C-161F-4EBA-B643-625FA2BBE5A1}.Release|x86.ActiveCfg = Release|Any CPU
		{B407547C-161F-4EBA-B643-625FA2BBE5A1}.UnregisterVersion|Any CPU.ActiveCfg = Release|Any CPU
		{B407547C-161F-4EBA-B643-625FA2BBE5A1}.UnregisterVersion|Any CPU.Build.0 = Release|Any CPU
		{B407547C-161F-4EBA-B643-625FA2BBE5A1}.UnregisterVersion|Mixed Platforms.ActiveCfg = Release|Any CPU
		{B407547C-161F-4EBA-B643-625FA2BBE5A1}.UnregisterVersion|Mixed Platforms.Build.0 = Release|Any CPU
		{B407547C-161F-4EBA-B643-625FA2BBE5A1}.UnregisterVersion|x86.ActiveCfg = Release|Any CPU
		{5A796EB3-BD98-4D23-8D78-ACEB4969C2E9}.Alpha|Any CPU.ActiveCfg = Release|Any CPU
		{5A796EB3-BD98-4D23-8D78-ACEB4969C2E9}.Alpha|Any CPU.Build.0 = Release|Any CPU
		{5A796EB3-BD98-4D23-8D78-ACEB4969C2E9}.Alpha|Mixed Platforms.ActiveCfg = Release|Any CPU
		{5A796EB3-BD98-4D23-8D78-ACEB4969C2E9}.Alpha|Mixed Platforms.Build.0 = Release|Any CPU
		{5A796EB3-BD98-4D23-8D78-ACEB4969C2E9}.Alpha|x86.ActiveCfg = Release|Any CPU
		{5A796EB3-BD98-4D23-8D78-ACEB4969C2E9}.Beta|Any CPU.ActiveCfg = Release|Any CPU
		{5A796EB3-BD98-4D23-8D78-ACEB4969C2E9}.Beta|Any CPU.Build.0 = Release|Any CPU
		{5A796EB3-BD98-4D23-8D78-ACEB4969C2E9}.Beta|Mixed Platforms.ActiveCfg = Release|Any CPU
		{5A796EB3-BD98-4D23-8D78-ACEB4969C2E9}.Beta|Mixed Platforms.Build.0 = Release|Any CPU
		{5A796EB3-BD98-4D23-8D78-ACEB4969C2E9}.Beta|x86.ActiveCfg = Release|Any CPU
		{5A796EB3-BD98-4D23-8D78-ACEB4969C2E9}.BureauDebug|Any CPU.ActiveCfg = Debug|Any CPU
		{5A796EB3-BD98-4D23-8D78-ACEB4969C2E9}.BureauDebug|Any CPU.Build.0 = Debug|Any CPU
		{5A796EB3-BD98-4D23-8D78-ACEB4969C2E9}.BureauDebug|Mixed Platforms.ActiveCfg = Debug|Any CPU
		{5A796EB3-BD98-4D23-8D78-ACEB4969C2E9}.BureauDebug|Mixed Platforms.Build.0 = Debug|Any CPU
		{5A796EB3-BD98-4D23-8D78-ACEB4969C2E9}.BureauDebug|x86.ActiveCfg = Debug|Any CPU
		{5A796EB3-BD98-4D23-8D78-ACEB4969C2E9}.Debug|Any CPU.ActiveCfg = Debug|Any CPU
		{5A796EB3-BD98-4D23-8D78-ACEB4969C2E9}.Debug|Any CPU.Build.0 = Debug|Any CPU
		{5A796EB3-BD98-4D23-8D78-ACEB4969C2E9}.Debug|Mixed Platforms.ActiveCfg = Debug|Any CPU
		{5A796EB3-BD98-4D23-8D78-ACEB4969C2E9}.Debug|Mixed Platforms.Build.0 = Debug|Any CPU
		{5A796EB3-BD98-4D23-8D78-ACEB4969C2E9}.Debug|x86.ActiveCfg = Debug|Any CPU
		{5A796EB3-BD98-4D23-8D78-ACEB4969C2E9}.DebugUnregisterVersion|Any CPU.ActiveCfg = Debug|Any CPU
		{5A796EB3-BD98-4D23-8D78-ACEB4969C2E9}.DebugUnregisterVersion|Any CPU.Build.0 = Debug|Any CPU
		{5A796EB3-BD98-4D23-8D78-ACEB4969C2E9}.DebugUnregisterVersion|Mixed Platforms.ActiveCfg = Debug|Any CPU
		{5A796EB3-BD98-4D23-8D78-ACEB4969C2E9}.DebugUnregisterVersion|Mixed Platforms.Build.0 = Debug|Any CPU
		{5A796EB3-BD98-4D23-8D78-ACEB4969C2E9}.DebugUnregisterVersion|x86.ActiveCfg = Debug|Any CPU
		{5A796EB3-BD98-4D23-8D78-ACEB4969C2E9}.Release|Any CPU.ActiveCfg = Release|Any CPU
		{5A796EB3-BD98-4D23-8D78-ACEB4969C2E9}.Release|Any CPU.Build.0 = Release|Any CPU
		{5A796EB3-BD98-4D23-8D78-ACEB4969C2E9}.Release|Mixed Platforms.ActiveCfg = Release|Any CPU
		{5A796EB3-BD98-4D23-8D78-ACEB4969C2E9}.Release|Mixed Platforms.Build.0 = Release|Any CPU
		{5A796EB3-BD98-4D23-8D78-ACEB4969C2E9}.Release|x86.ActiveCfg = Release|Any CPU
		{5A796EB3-BD98-4D23-8D78-ACEB4969C2E9}.UnregisterVersion|Any CPU.ActiveCfg = Release|Any CPU
		{5A796EB3-BD98-4D23-8D78-ACEB4969C2E9}.UnregisterVersion|Any CPU.Build.0 = Release|Any CPU
		{5A796EB3-BD98-4D23-8D78-ACEB4969C2E9}.UnregisterVersion|Mixed Platforms.ActiveCfg = Release|Any CPU
		{5A796EB3-BD98-4D23-8D78-ACEB4969C2E9}.UnregisterVersion|Mixed Platforms.Build.0 = Release|Any CPU
		{5A796EB3-BD98-4D23-8D78-ACEB4969C2E9}.UnregisterVersion|x86.ActiveCfg = Release|Any CPU
		{3CAC1A5E-316A-4674-9427-94492EFB5491}.Alpha|Any CPU.ActiveCfg = Release|Any CPU
		{3CAC1A5E-316A-4674-9427-94492EFB5491}.Alpha|Any CPU.Build.0 = Release|Any CPU
		{3CAC1A5E-316A-4674-9427-94492EFB5491}.Alpha|Mixed Platforms.ActiveCfg = Release|Any CPU
		{3CAC1A5E-316A-4674-9427-94492EFB5491}.Alpha|Mixed Platforms.Build.0 = Release|Any CPU
		{3CAC1A5E-316A-4674-9427-94492EFB5491}.Alpha|x86.ActiveCfg = Release|Any CPU
		{3CAC1A5E-316A-4674-9427-94492EFB5491}.Beta|Any CPU.ActiveCfg = Release|Any CPU
		{3CAC1A5E-316A-4674-9427-94492EFB5491}.Beta|Any CPU.Build.0 = Release|Any CPU
		{3CAC1A5E-316A-4674-9427-94492EFB5491}.Beta|Mixed Platforms.ActiveCfg = Release|Any CPU
		{3CAC1A5E-316A-4674-9427-94492EFB5491}.Beta|Mixed Platforms.Build.0 = Release|Any CPU
		{3CAC1A5E-316A-4674-9427-94492EFB5491}.Beta|x86.ActiveCfg = Release|Any CPU
		{3CAC1A5E-316A-4674-9427-94492EFB5491}.BureauDebug|Any CPU.ActiveCfg = Debug|Any CPU
		{3CAC1A5E-316A-4674-9427-94492EFB5491}.BureauDebug|Any CPU.Build.0 = Debug|Any CPU
		{3CAC1A5E-316A-4674-9427-94492EFB5491}.BureauDebug|Mixed Platforms.ActiveCfg = Debug|Any CPU
		{3CAC1A5E-316A-4674-9427-94492EFB5491}.BureauDebug|Mixed Platforms.Build.0 = Debug|Any CPU
		{3CAC1A5E-316A-4674-9427-94492EFB5491}.BureauDebug|x86.ActiveCfg = Debug|Any CPU
		{3CAC1A5E-316A-4674-9427-94492EFB5491}.Debug|Any CPU.ActiveCfg = Debug|Any CPU
		{3CAC1A5E-316A-4674-9427-94492EFB5491}.Debug|Any CPU.Build.0 = Debug|Any CPU
		{3CAC1A5E-316A-4674-9427-94492EFB5491}.Debug|Mixed Platforms.ActiveCfg = Debug|Any CPU
		{3CAC1A5E-316A-4674-9427-94492EFB5491}.Debug|Mixed Platforms.Build.0 = Debug|Any CPU
		{3CAC1A5E-316A-4674-9427-94492EFB5491}.Debug|x86.ActiveCfg = Debug|Any CPU
		{3CAC1A5E-316A-4674-9427-94492EFB5491}.DebugUnregisterVersion|Any CPU.ActiveCfg = Debug|Any CPU
		{3CAC1A5E-316A-4674-9427-94492EFB5491}.DebugUnregisterVersion|Any CPU.Build.0 = Debug|Any CPU
		{3CAC1A5E-316A-4674-9427-94492EFB5491}.DebugUnregisterVersion|Mixed Platforms.ActiveCfg = Debug|Any CPU
		{3CAC1A5E-316A-4674-9427-94492EFB5491}.DebugUnregisterVersion|Mixed Platforms.Build.0 = Debug|Any CPU
		{3CAC1A5E-316A-4674-9427-94492EFB5491}.DebugUnregisterVersion|x86.ActiveCfg = Debug|Any CPU
		{3CAC1A5E-316A-4674-9427-94492EFB5491}.Release|Any CPU.ActiveCfg = Release|Any CPU
		{3CAC1A5E-316A-4674-9427-94492EFB5491}.Release|Any CPU.Build.0 = Release|Any CPU
		{3CAC1A5E-316A-4674-9427-94492EFB5491}.Release|Mixed Platforms.ActiveCfg = Release|Any CPU
		{3CAC1A5E-316A-4674-9427-94492EFB5491}.Release|Mixed Platforms.Build.0 = Release|Any CPU
		{3CAC1A5E-316A-4674-9427-94492EFB5491}.Release|x86.ActiveCfg = Release|Any CPU
		{3CAC1A5E-316A-4674-9427-94492EFB5491}.UnregisterVersion|Any CPU.ActiveCfg = Release|Any CPU
		{3CAC1A5E-316A-4674-9427-94492EFB5491}.UnregisterVersion|Any CPU.Build.0 = Release|Any CPU
		{3CAC1A5E-316A-4674-9427-94492EFB5491}.UnregisterVersion|Mixed Platforms.ActiveCfg = Release|Any CPU
		{3CAC1A5E-316A-4674-9427-94492EFB5491}.UnregisterVersion|Mixed Platforms.Build.0 = Release|Any CPU
		{3CAC1A5E-316A-4674-9427-94492EFB5491}.UnregisterVersion|x86.ActiveCfg = Release|Any CPU
		{08C3C12B-BC99-463C-B460-10EE04FE91F8}.Alpha|Any CPU.ActiveCfg = Release|Any CPU
		{08C3C12B-BC99-463C-B460-10EE04FE91F8}.Alpha|Any CPU.Build.0 = Release|Any CPU
		{08C3C12B-BC99-463C-B460-10EE04FE91F8}.Alpha|Mixed Platforms.ActiveCfg = Release|Any CPU
		{08C3C12B-BC99-463C-B460-10EE04FE91F8}.Alpha|Mixed Platforms.Build.0 = Release|Any CPU
		{08C3C12B-BC99-463C-B460-10EE04FE91F8}.Alpha|x86.ActiveCfg = Release|Any CPU
		{08C3C12B-BC99-463C-B460-10EE04FE91F8}.Beta|Any CPU.ActiveCfg = Release|Any CPU
		{08C3C12B-BC99-463C-B460-10EE04FE91F8}.Beta|Any CPU.Build.0 = Release|Any CPU
		{08C3C12B-BC99-463C-B460-10EE04FE91F8}.Beta|Mixed Platforms.ActiveCfg = Release|Any CPU
		{08C3C12B-BC99-463C-B460-10EE04FE91F8}.Beta|Mixed Platforms.Build.0 = Release|Any CPU
		{08C3C12B-BC99-463C-B460-10EE04FE91F8}.Beta|x86.ActiveCfg = Release|Any CPU
		{08C3C12B-BC99-463C-B460-10EE04FE91F8}.BureauDebug|Any CPU.ActiveCfg = Debug|Any CPU
		{08C3C12B-BC99-463C-B460-10EE04FE91F8}.BureauDebug|Any CPU.Build.0 = Debug|Any CPU
		{08C3C12B-BC99-463C-B460-10EE04FE91F8}.BureauDebug|Mixed Platforms.ActiveCfg = Debug|Any CPU
		{08C3C12B-BC99-463C-B460-10EE04FE91F8}.BureauDebug|Mixed Platforms.Build.0 = Debug|Any CPU
		{08C3C12B-BC99-463C-B460-10EE04FE91F8}.BureauDebug|x86.ActiveCfg = Debug|Any CPU
		{08C3C12B-BC99-463C-B460-10EE04FE91F8}.Debug|Any CPU.ActiveCfg = Debug|Any CPU
		{08C3C12B-BC99-463C-B460-10EE04FE91F8}.Debug|Any CPU.Build.0 = Debug|Any CPU
		{08C3C12B-BC99-463C-B460-10EE04FE91F8}.Debug|Mixed Platforms.ActiveCfg = Debug|Any CPU
		{08C3C12B-BC99-463C-B460-10EE04FE91F8}.Debug|Mixed Platforms.Build.0 = Debug|Any CPU
		{08C3C12B-BC99-463C-B460-10EE04FE91F8}.Debug|x86.ActiveCfg = Debug|Any CPU
		{08C3C12B-BC99-463C-B460-10EE04FE91F8}.DebugUnregisterVersion|Any CPU.ActiveCfg = Debug|Any CPU
		{08C3C12B-BC99-463C-B460-10EE04FE91F8}.DebugUnregisterVersion|Any CPU.Build.0 = Debug|Any CPU
		{08C3C12B-BC99-463C-B460-10EE04FE91F8}.DebugUnregisterVersion|Mixed Platforms.ActiveCfg = Debug|Any CPU
		{08C3C12B-BC99-463C-B460-10EE04FE91F8}.DebugUnregisterVersion|Mixed Platforms.Build.0 = Debug|Any CPU
		{08C3C12B-BC99-463C-B460-10EE04FE91F8}.DebugUnregisterVersion|x86.ActiveCfg = Debug|Any CPU
		{08C3C12B-BC99-463C-B460-10EE04FE91F8}.Release|Any CPU.ActiveCfg = Release|Any CPU
		{08C3C12B-BC99-463C-B460-10EE04FE91F8}.Release|Any CPU.Build.0 = Release|Any CPU
		{08C3C12B-BC99-463C-B460-10EE04FE91F8}.Release|Mixed Platforms.ActiveCfg = Release|Any CPU
		{08C3C12B-BC99-463C-B460-10EE04FE91F8}.Release|Mixed Platforms.Build.0 = Release|Any CPU
		{08C3C12B-BC99-463C-B460-10EE04FE91F8}.Release|x86.ActiveCfg = Release|Any CPU
		{08C3C12B-BC99-463C-B460-10EE04FE91F8}.UnregisterVersion|Any CPU.ActiveCfg = Release|Any CPU
		{08C3C12B-BC99-463C-B460-10EE04FE91F8}.UnregisterVersion|Any CPU.Build.0 = Release|Any CPU
		{08C3C12B-BC99-463C-B460-10EE04FE91F8}.UnregisterVersion|Mixed Platforms.ActiveCfg = Release|Any CPU
		{08C3C12B-BC99-463C-B460-10EE04FE91F8}.UnregisterVersion|Mixed Platforms.Build.0 = Release|Any CPU
		{08C3C12B-BC99-463C-B460-10EE04FE91F8}.UnregisterVersion|x86.ActiveCfg = Release|Any CPU
		{31A02E04-EA0B-4AA6-BAC1-9EFCD3F9259F}.Alpha|Any CPU.ActiveCfg = Release|Any CPU
		{31A02E04-EA0B-4AA6-BAC1-9EFCD3F9259F}.Alpha|Any CPU.Build.0 = Release|Any CPU
		{31A02E04-EA0B-4AA6-BAC1-9EFCD3F9259F}.Alpha|Mixed Platforms.ActiveCfg = Release|Any CPU
		{31A02E04-EA0B-4AA6-BAC1-9EFCD3F9259F}.Alpha|Mixed Platforms.Build.0 = Release|Any CPU
		{31A02E04-EA0B-4AA6-BAC1-9EFCD3F9259F}.Alpha|x86.ActiveCfg = Release|Any CPU
		{31A02E04-EA0B-4AA6-BAC1-9EFCD3F9259F}.Beta|Any CPU.ActiveCfg = Release|Any CPU
		{31A02E04-EA0B-4AA6-BAC1-9EFCD3F9259F}.Beta|Any CPU.Build.0 = Release|Any CPU
		{31A02E04-EA0B-4AA6-BAC1-9EFCD3F9259F}.Beta|Mixed Platforms.ActiveCfg = Release|Any CPU
		{31A02E04-EA0B-4AA6-BAC1-9EFCD3F9259F}.Beta|Mixed Platforms.Build.0 = Release|Any CPU
		{31A02E04-EA0B-4AA6-BAC1-9EFCD3F9259F}.Beta|x86.ActiveCfg = Release|Any CPU
		{31A02E04-EA0B-4AA6-BAC1-9EFCD3F9259F}.BureauDebug|Any CPU.ActiveCfg = Debug|Any CPU
		{31A02E04-EA0B-4AA6-BAC1-9EFCD3F9259F}.BureauDebug|Any CPU.Build.0 = Debug|Any CPU
		{31A02E04-EA0B-4AA6-BAC1-9EFCD3F9259F}.BureauDebug|Mixed Platforms.ActiveCfg = Debug|Any CPU
		{31A02E04-EA0B-4AA6-BAC1-9EFCD3F9259F}.BureauDebug|Mixed Platforms.Build.0 = Debug|Any CPU
		{31A02E04-EA0B-4AA6-BAC1-9EFCD3F9259F}.BureauDebug|x86.ActiveCfg = Debug|Any CPU
		{31A02E04-EA0B-4AA6-BAC1-9EFCD3F9259F}.Debug|Any CPU.ActiveCfg = Debug|Any CPU
		{31A02E04-EA0B-4AA6-BAC1-9EFCD3F9259F}.Debug|Any CPU.Build.0 = Debug|Any CPU
		{31A02E04-EA0B-4AA6-BAC1-9EFCD3F9259F}.Debug|Mixed Platforms.ActiveCfg = Debug|Any CPU
		{31A02E04-EA0B-4AA6-BAC1-9EFCD3F9259F}.Debug|Mixed Platforms.Build.0 = Debug|Any CPU
		{31A02E04-EA0B-4AA6-BAC1-9EFCD3F9259F}.Debug|x86.ActiveCfg = Debug|Any CPU
		{31A02E04-EA0B-4AA6-BAC1-9EFCD3F9259F}.DebugUnregisterVersion|Any CPU.ActiveCfg = Debug|Any CPU
		{31A02E04-EA0B-4AA6-BAC1-9EFCD3F9259F}.DebugUnregisterVersion|Any CPU.Build.0 = Debug|Any CPU
		{31A02E04-EA0B-4AA6-BAC1-9EFCD3F9259F}.DebugUnregisterVersion|Mixed Platforms.ActiveCfg = Debug|Any CPU
		{31A02E04-EA0B-4AA6-BAC1-9EFCD3F9259F}.DebugUnregisterVersion|Mixed Platforms.Build.0 = Debug|Any CPU
		{31A02E04-EA0B-4AA6-BAC1-9EFCD3F9259F}.DebugUnregisterVersion|x86.ActiveCfg = Debug|Any CPU
		{31A02E04-EA0B-4AA6-BAC1-9EFCD3F9259F}.Release|Any CPU.ActiveCfg = Release|Any CPU
		{31A02E04-EA0B-4AA6-BAC1-9EFCD3F9259F}.Release|Any CPU.Build.0 = Release|Any CPU
		{31A02E04-EA0B-4AA6-BAC1-9EFCD3F9259F}.Release|Mixed Platforms.ActiveCfg = Release|Any CPU
		{31A02E04-EA0B-4AA6-BAC1-9EFCD3F9259F}.Release|Mixed Platforms.Build.0 = Release|Any CPU
		{31A02E04-EA0B-4AA6-BAC1-9EFCD3F9259F}.Release|x86.ActiveCfg = Release|Any CPU
		{31A02E04-EA0B-4AA6-BAC1-9EFCD3F9259F}.UnregisterVersion|Any CPU.ActiveCfg = Release|Any CPU
		{31A02E04-EA0B-4AA6-BAC1-9EFCD3F9259F}.UnregisterVersion|Any CPU.Build.0 = Release|Any CPU
		{31A02E04-EA0B-4AA6-BAC1-9EFCD3F9259F}.UnregisterVersion|Mixed Platforms.ActiveCfg = Release|Any CPU
		{31A02E04-EA0B-4AA6-BAC1-9EFCD3F9259F}.UnregisterVersion|Mixed Platforms.Build.0 = Release|Any CPU
		{31A02E04-EA0B-4AA6-BAC1-9EFCD3F9259F}.UnregisterVersion|x86.ActiveCfg = Release|Any CPU
		{F5B14266-3167-48F6-A0AE-B9070A81957F}.Alpha|Any CPU.ActiveCfg = Release|Any CPU
		{F5B14266-3167-48F6-A0AE-B9070A81957F}.Alpha|Any CPU.Build.0 = Release|Any CPU
		{F5B14266-3167-48F6-A0AE-B9070A81957F}.Alpha|Mixed Platforms.ActiveCfg = Release|Any CPU
		{F5B14266-3167-48F6-A0AE-B9070A81957F}.Alpha|Mixed Platforms.Build.0 = Release|Any CPU
		{F5B14266-3167-48F6-A0AE-B9070A81957F}.Alpha|x86.ActiveCfg = Release|Any CPU
		{F5B14266-3167-48F6-A0AE-B9070A81957F}.Beta|Any CPU.ActiveCfg = Release|Any CPU
		{F5B14266-3167-48F6-A0AE-B9070A81957F}.Beta|Any CPU.Build.0 = Release|Any CPU
		{F5B14266-3167-48F6-A0AE-B9070A81957F}.Beta|Mixed Platforms.ActiveCfg = Release|Any CPU
		{F5B14266-3167-48F6-A0AE-B9070A81957F}.Beta|Mixed Platforms.Build.0 = Release|Any CPU
		{F5B14266-3167-48F6-A0AE-B9070A81957F}.Beta|x86.ActiveCfg = Release|Any CPU
		{F5B14266-3167-48F6-A0AE-B9070A81957F}.BureauDebug|Any CPU.ActiveCfg = Debug|Any CPU
		{F5B14266-3167-48F6-A0AE-B9070A81957F}.BureauDebug|Any CPU.Build.0 = Debug|Any CPU
		{F5B14266-3167-48F6-A0AE-B9070A81957F}.BureauDebug|Mixed Platforms.ActiveCfg = Debug|Any CPU
		{F5B14266-3167-48F6-A0AE-B9070A81957F}.BureauDebug|Mixed Platforms.Build.0 = Debug|Any CPU
		{F5B14266-3167-48F6-A0AE-B9070A81957F}.BureauDebug|x86.ActiveCfg = Debug|Any CPU
		{F5B14266-3167-48F6-A0AE-B9070A81957F}.Debug|Any CPU.ActiveCfg = Debug|Any CPU
		{F5B14266-3167-48F6-A0AE-B9070A81957F}.Debug|Any CPU.Build.0 = Debug|Any CPU
		{F5B14266-3167-48F6-A0AE-B9070A81957F}.Debug|Mixed Platforms.ActiveCfg = Debug|Any CPU
		{F5B14266-3167-48F6-A0AE-B9070A81957F}.Debug|Mixed Platforms.Build.0 = Debug|Any CPU
		{F5B14266-3167-48F6-A0AE-B9070A81957F}.Debug|x86.ActiveCfg = Debug|Any CPU
		{F5B14266-3167-48F6-A0AE-B9070A81957F}.DebugUnregisterVersion|Any CPU.ActiveCfg = Debug|Any CPU
		{F5B14266-3167-48F6-A0AE-B9070A81957F}.DebugUnregisterVersion|Any CPU.Build.0 = Debug|Any CPU
		{F5B14266-3167-48F6-A0AE-B9070A81957F}.DebugUnregisterVersion|Mixed Platforms.ActiveCfg = Debug|Any CPU
		{F5B14266-3167-48F6-A0AE-B9070A81957F}.DebugUnregisterVersion|Mixed Platforms.Build.0 = Debug|Any CPU
		{F5B14266-3167-48F6-A0AE-B9070A81957F}.DebugUnregisterVersion|x86.ActiveCfg = Debug|Any CPU
		{F5B14266-3167-48F6-A0AE-B9070A81957F}.Release|Any CPU.ActiveCfg = Release|Any CPU
		{F5B14266-3167-48F6-A0AE-B9070A81957F}.Release|Any CPU.Build.0 = Release|Any CPU
		{F5B14266-3167-48F6-A0AE-B9070A81957F}.Release|Mixed Platforms.ActiveCfg = Release|Any CPU
		{F5B14266-3167-48F6-A0AE-B9070A81957F}.Release|Mixed Platforms.Build.0 = Release|Any CPU
		{F5B14266-3167-48F6-A0AE-B9070A81957F}.Release|x86.ActiveCfg = Release|Any CPU
		{F5B14266-3167-48F6-A0AE-B9070A81957F}.UnregisterVersion|Any CPU.ActiveCfg = Release|Any CPU
		{F5B14266-3167-48F6-A0AE-B9070A81957F}.UnregisterVersion|Any CPU.Build.0 = Release|Any CPU
		{F5B14266-3167-48F6-A0AE-B9070A81957F}.UnregisterVersion|Mixed Platforms.ActiveCfg = Release|Any CPU
		{F5B14266-3167-48F6-A0AE-B9070A81957F}.UnregisterVersion|Mixed Platforms.Build.0 = Release|Any CPU
		{F5B14266-3167-48F6-A0AE-B9070A81957F}.UnregisterVersion|x86.ActiveCfg = Release|Any CPU
	EndGlobalSection
	GlobalSection(SolutionProperties) = preSolution
		HideSolutionNode = FALSE
	EndGlobalSection
EndGlobal
